{
  "nodes": {
    "fenix": {
      "inputs": {
        "nixpkgs": [
          "nixpkgs"
        ],
        "rust-analyzer-src": "rust-analyzer-src"
      },
      "locked": {
        "lastModified": 1780314950,
        "narHash": "sha256-1y6LHeumqA2lnUZap2yor+g4jMFtno5mx119LEv+dQQ=",
        "rev": "8160d67d2693a1f7ea219db159ccdc29ae632918",
        "revCount": 2677,
        "type": "tarball",
        "url": "https://api.flakehub.com/f/pinned/nix-community/fenix/0.1.2677%2Brev-8160d67d2693a1f7ea219db159ccdc29ae632918/019e8362-a4ed-7631-b2a4-06d3f14d5570/source.tar.gz"
      },
      "original": {
        "type": "tarball",
        "url": "https://flakehub.com/f/nix-community/fenix/0.1"
      }
    },
    "intarna": {
      "inputs": {
        "nixpkgs": "nixpkgs"
      },
      "locked": {
        "lastModified": 1782162890,
        "narHash": "sha256-kwbgvG9uUdhCVCw913LP3Kpjk1MxqppNgGsQ5cY6FYg=",
        "owner": "szablowskilab",
        "repo": "IntaRNA-flake",
        "rev": "cd68d08fdee884c87203338f830b70a2fdb0ea98",
        "type": "github"
      },
      "original": {
        "owner": "szablowskilab",
        "repo": "IntaRNA-flake",
        "type": "github"
      }
    },
    "nixpkgs": {
      "locked": {
        "lastModified": 1781577229,
        "narHash": "sha256-lrp67w8AulE9Ks53n27I45ADSzbOCn4H+CNW1Ck8B+8=",
        "owner": "NixOS",
        "repo": "nixpkgs",
        "rev": "567a49d1913ce81ac6e9582e3553dd90a955875f",
        "type": "github"
      },
      "original": {
        "owner": "NixOS",
        "ref": "nixos-unstable",
        "repo": "nixpkgs",
        "type": "github"
      }
    },
    "nixpkgs_2": {
      "locked": {
        "lastModified": 1781074563,
        "narHash": "sha256-md8WlXOlfnIeHeOScMTTHFyf2d6iaTwPl2apR5EQ3P4=",
        "rev": "9ae611a455b90cf061d8f332b977e387bda8e1ca",
        "revCount": 1014179,
        "type": "tarball",
        "url": "https://api.flakehub.com/f/pinned/NixOS/nixpkgs/0.1.1014179%2Brev-9ae611a455b90cf061d8f332b977e387bda8e1ca/019eb959-af28-7e70-8140-2447573a6acd/source.tar.gz"
      },
      "original": {
        "type": "tarball",
        "url": "https://flakehub.com/f/NixOS/nixpkgs/0.1"
      }
    },
    "root": {
      "inputs": {
        "fenix": "fenix",
        "intarna": "intarna",
        "nixpkgs": "nixpkgs_2"
      }
    },
    "rust-analyzer-src": {
      "flake": false,
      "locked": {
        "lastModified": 1780260465,
        "narHash": "sha256-yJIyzYb6LhvbVMmj2EH62Mt0JHU3pQefr+oPEgaoaI8=",
        "owner": "rust-lang",
        "repo": "rust-analyzer",
        "rev": "c5d30e2331acb2cec913a086ab242591f4f367a5",
        "type": "github"
      },
      "original": {
        "owner": "rust-lang",
        "ref": "nightly",
        "repo": "rust-analyzer",
        "type": "github"
      }
    }
  },
  "root": "root",
  "version": 7
}
